
Microsoft Visual Studio Solution File, Format Version 12.00
# Visual Studio 14
VisualStudioVersion = 14.0.25420.1
MinimumVisualStudioVersion = 10.0.40219.1
Project("{FAE04EC0-301F-11D3-BF4B-00C04F79EFBC}") = "ConvertDigitsToWords", "ConvertDigitsToWords\ConvertDigitsToWords.csproj", "{EFA13F59-CAD3-4701-BDB1-23F1A36BC433}"
EndProject
Project("{FAE04EC0-301F-11D3-BF4B-00C04F79EFBC}") = "ViewModel", "ViewModel\ViewModel.csproj", "{6972D3E5-C455-4FC7-990B-4F478FE6E8EE}"
EndProject
Project("{FAE04EC0-301F-11D3-BF4B-00C04F79EFBC}") = "Utility", "Utility\Utility.csproj", "{7735D2FB-E9E6-4905-8F14-3FC9990A59E1}"
EndProject
Global
	GlobalSection(SolutionConfigurationPlatforms) = preSolution
		Debug|Any CPU = Debug|Any CPU
		Release|Any CPU = Release|Any CPU
	EndGlobalSection
	GlobalSection(ProjectConfigurationPlatforms) = postSolution
		{EFA13F59-CAD3-4701-BDB1-23F1A36BC433}.Debug|Any CPU.ActiveCfg = Debug|Any CPU
		{EFA13F59-CAD3-4701-BDB1-23F1A36BC433}.Debug|Any CPU.Build.0 = Debug|Any CPU
		{EFA13F59-CAD3-4701-BDB1-23F1A36BC433}.Release|Any CPU.ActiveCfg = Release|Any CPU
		{EFA13F59-CAD3-4701-BDB1-23F1A36BC433}.Release|Any CPU.Build.0 = Release|Any CPU
		{6972D3E5-C455-4FC7-990B-4F478FE6E8EE}.Debug|Any CPU.ActiveCfg = Debug|Any CPU
		{6972D3E5-C455-4FC7-990B-4F478FE6E8EE}.Debug|Any CPU.Build.0 = Debug|Any CPU
		{6972D3E5-C455-4FC7-990B-4F478FE6E8EE}.Release|Any CPU.ActiveCfg = Release|Any CPU
		{6972D3E5-C455-4FC7-990B-4F478FE6E8EE}.Release|Any CPU.Build.0 = Release|Any CPU
		{7735D2FB-E9E6-4905-8F14-3FC9990A59E1}.Debug|Any CPU.ActiveCfg = Debug|Any CPU
		{7735D2FB-E9E6-4905-8F14-3FC9990A59E1}.Debug|Any CPU.Build.0 = Debug|Any CPU
		{7735D2FB-E9E6-4905-8F14-3FC9990A59E1}.Release|Any CPU.ActiveCfg = Release|Any CPU
		{7735D2FB-E9E6-4905-8F14-3FC9990A59E1}.Release|Any CPU.Build.0 = Release|Any CPU
	EndGlobalSection
	GlobalSection(SolutionProperties) = preSolution
		HideSolutionNode = FALSE
	EndGlobalSection
EndGlobal
